
Microsoft Visual Studio Solution File, Format Version 12.00
# Visual Studio Version 16
VisualStudioVersion = 16.0.31911.196
MinimumVisualStudioVersion = 10.0.40219.1
Project("{FAE04EC0-301F-11D3-BF4B-00C04F79EFBC}") = "MagreToutV2", "MagreToutV2\MagreToutV2.csproj", "{79371214-17E0-43E7-BD78-1ED05C36A015}"
EndProject
Global
	GlobalSection(SolutionConfigurationPlatforms) = preSolution
		Debug|Any CPU = Debug|Any CPU
		Release|Any CPU = Release|Any CPU
	EndGlobalSection
	GlobalSection(ProjectConfigurationPlatforms) = postSolution
		{79371214-17E0-43E7-BD78-1ED05C36A015}.Debug|Any CPU.ActiveCfg = Debug|Any CPU
		{79371214-17E0-43E7-BD78-1ED05C36A015}.Debug|Any CPU.Build.0 = Debug|Any CPU
		{79371214-17E0-43E7-BD78-1ED05C36A015}.Release|Any CPU.ActiveCfg = Release|Any CPU
		{79371214-17E0-43E7-BD78-1ED05C36A015}.Release|Any CPU.Build.0 = Release|Any CPU
	EndGlobalSection
	GlobalSection(SolutionProperties) = preSolution
		HideSolutionNode = FALSE
	EndGlobalSection
	GlobalSection(ExtensibilityGlobals) = postSolution
		SolutionGuid = {78BF5240-B020-4D9C-9154-94F342C24B0C}
	EndGlobalSection
EndGlobal
